
Microsoft Visual Studio Solution File, Format Version 12.00
# Visual Studio 15
VisualStudioVersion = 15.0.27703.2042
MinimumVisualStudioVersion = 10.0.40219.1
Project("{9A19103F-16F7-4668-BE54-9A1E7A4F7556}") = "arkano.api", "services\arkano.api\arkano.api.csproj", "{EA1E56DF-6EFF-45DB-9953-95EC39EB67D0}"
	ProjectSection(ProjectDependencies) = postProject
		{ED4630A8-0667-4D73-9A02-E4AD2A261A58} = {ED4630A8-0667-4D73-9A02-E4AD2A261A58}
		{ED829BBB-52AC-4AF8-A3C9-C289B9A7809C} = {ED829BBB-52AC-4AF8-A3C9-C289B9A7809C}
	EndProjectSection
EndProject
Project("{E53339B2-1760-4266-BCC7-CA923CBCF16C}") = "docker-compose", "docker-compose.dcproj", "{1CD3443C-8FE8-4D21-A4D6-9C4BE2360BE4}"
EndProject
Project("{2150E333-8FDC-42A3-9474-1A3956D46DE8}") = "common", "common", "{BBC3E5C5-6E08-4E0C-9182-4C719212B8B5}"
EndProject
Project("{2150E333-8FDC-42A3-9474-1A3956D46DE8}") = "data", "data", "{4159BBD1-F20C-40A4-8C95-18E20B9CA7D9}"
EndProject
Project("{2150E333-8FDC-42A3-9474-1A3956D46DE8}") = "logic", "logic", "{0A849647-A003-4963-AFBC-FF3C2D3DB0A7}"
EndProject
Project("{9A19103F-16F7-4668-BE54-9A1E7A4F7556}") = "arkano.common.configuration", "common\arkano.common.configuration\arkano.common.configuration.csproj", "{4195E3FB-2FD8-476F-B733-2FDCCE2BCAD6}"
EndProject
Project("{9A19103F-16F7-4668-BE54-9A1E7A4F7556}") = "arkano.common.interfaces", "common\arkano.common.interfaces\arkano.common.interfaces.csproj", "{2A91529D-BCA2-4ADA-B394-4F01F2496422}"
EndProject
Project("{9A19103F-16F7-4668-BE54-9A1E7A4F7556}") = "arkano.data.interfaces", "data\arkano.data.interfaces\arkano.data.interfaces.csproj", "{A6ABB6C4-CCAA-4ED6-ACBA-BE3DD94683E7}"
EndProject
Project("{9A19103F-16F7-4668-BE54-9A1E7A4F7556}") = "arkano.common.constants", "common\arkano.common.constants\arkano.common.constants.csproj", "{B21E28FD-CB9C-4213-A962-ACE68FE80F1E}"
EndProject
Project("{9A19103F-16F7-4668-BE54-9A1E7A4F7556}") = "arkano.logic.interfaces", "logic\arkano.logic.interfaces\arkano.logic.interfaces.csproj", "{ED829BBB-52AC-4AF8-A3C9-C289B9A7809C}"
EndProject
Project("{9A19103F-16F7-4668-BE54-9A1E7A4F7556}") = "arkano.common.domain", "common\arkano.common.domain\arkano.common.domain.csproj", "{68F04A5E-E8B7-46AB-8C55-9B1F746CF831}"
EndProject
Project("{9A19103F-16F7-4668-BE54-9A1E7A4F7556}") = "arkano.logic.common", "logic\arkano.logic.common\arkano.logic.common.csproj", "{ED4630A8-0667-4D73-9A02-E4AD2A261A58}"
EndProject
Project("{9A19103F-16F7-4668-BE54-9A1E7A4F7556}") = "arkano.logic.validations", "logic\arkano.logic.validations\arkano.logic.validations.csproj", "{ABDA0AB2-A745-46D1-9F41-55983777904B}"
EndProject
Project("{9A19103F-16F7-4668-BE54-9A1E7A4F7556}") = "arkano.common.exceptions", "common\arkano.common.exceptions\arkano.common.exceptions.csproj", "{AF454B07-CE69-4FED-A9B0-73F202E06DCD}"
EndProject
Project("{9A19103F-16F7-4668-BE54-9A1E7A4F7556}") = "arkano.data.repositories", "data\arkano.data.repositories\arkano.data.repositories.csproj", "{DD19E346-E81A-4742-9B68-0807C8CFCC2A}"
EndProject
Project("{2150E333-8FDC-42A3-9474-1A3956D46DE8}") = "services", "services", "{A362B400-5368-4008-8649-901B2FE5D48E}"
EndProject
Project("{FAE04EC0-301F-11D3-BF4B-00C04F79EFBC}") = "arkano.data.daccess", "data\arkano.data.daccess\arkano.data.daccess.csproj", "{89534971-649B-49D2-B8DE-CADBD26AE290}"
EndProject
Global
	GlobalSection(SolutionConfigurationPlatforms) = preSolution
		Debug|Any CPU = Debug|Any CPU
		Release|Any CPU = Release|Any CPU
	EndGlobalSection
	GlobalSection(ProjectConfigurationPlatforms) = postSolution
		{EA1E56DF-6EFF-45DB-9953-95EC39EB67D0}.Debug|Any CPU.ActiveCfg = Debug|Any CPU
		{EA1E56DF-6EFF-45DB-9953-95EC39EB67D0}.Debug|Any CPU.Build.0 = Debug|Any CPU
		{EA1E56DF-6EFF-45DB-9953-95EC39EB67D0}.Release|Any CPU.ActiveCfg = Release|Any CPU
		{EA1E56DF-6EFF-45DB-9953-95EC39EB67D0}.Release|Any CPU.Build.0 = Release|Any CPU
		{1CD3443C-8FE8-4D21-A4D6-9C4BE2360BE4}.Debug|Any CPU.ActiveCfg = Debug|Any CPU
		{1CD3443C-8FE8-4D21-A4D6-9C4BE2360BE4}.Debug|Any CPU.Build.0 = Debug|Any CPU
		{1CD3443C-8FE8-4D21-A4D6-9C4BE2360BE4}.Release|Any CPU.ActiveCfg = Release|Any CPU
		{1CD3443C-8FE8-4D21-A4D6-9C4BE2360BE4}.Release|Any CPU.Build.0 = Release|Any CPU
		{4195E3FB-2FD8-476F-B733-2FDCCE2BCAD6}.Debug|Any CPU.ActiveCfg = Debug|Any CPU
		{4195E3FB-2FD8-476F-B733-2FDCCE2BCAD6}.Debug|Any CPU.Build.0 = Debug|Any CPU
		{4195E3FB-2FD8-476F-B733-2FDCCE2BCAD6}.Release|Any CPU.ActiveCfg = Release|Any CPU
		{4195E3FB-2FD8-476F-B733-2FDCCE2BCAD6}.Release|Any CPU.Build.0 = Release|Any CPU
		{2A91529D-BCA2-4ADA-B394-4F01F2496422}.Debug|Any CPU.ActiveCfg = Debug|Any CPU
		{2A91529D-BCA2-4ADA-B394-4F01F2496422}.Debug|Any CPU.Build.0 = Debug|Any CPU
		{2A91529D-BCA2-4ADA-B394-4F01F2496422}.Release|Any CPU.ActiveCfg = Release|Any CPU
		{2A91529D-BCA2-4ADA-B394-4F01F2496422}.Release|Any CPU.Build.0 = Release|Any CPU
		{A6ABB6C4-CCAA-4ED6-ACBA-BE3DD94683E7}.Debug|Any CPU.ActiveCfg = Debug|Any CPU
		{A6ABB6C4-CCAA-4ED6-ACBA-BE3DD94683E7}.Debug|Any CPU.Build.0 = Debug|Any CPU
		{A6ABB6C4-CCAA-4ED6-ACBA-BE3DD94683E7}.Release|Any CPU.ActiveCfg = Release|Any CPU
		{A6ABB6C4-CCAA-4ED6-ACBA-BE3DD94683E7}.Release|Any CPU.Build.0 = Release|Any CPU
		{B21E28FD-CB9C-4213-A962-ACE68FE80F1E}.Debug|Any CPU.ActiveCfg = Debug|Any CPU
		{B21E28FD-CB9C-4213-A962-ACE68FE80F1E}.Debug|Any CPU.Build.0 = Debug|Any CPU
		{B21E28FD-CB9C-4213-A962-ACE68FE80F1E}.Release|Any CPU.ActiveCfg = Release|Any CPU
		{B21E28FD-CB9C-4213-A962-ACE68FE80F1E}.Release|Any CPU.Build.0 = Release|Any CPU
		{ED829BBB-52AC-4AF8-A3C9-C289B9A7809C}.Debug|Any CPU.ActiveCfg = Debug|Any CPU
		{ED829BBB-52AC-4AF8-A3C9-C289B9A7809C}.Debug|Any CPU.Build.0 = Debug|Any CPU
		{ED829BBB-52AC-4AF8-A3C9-C289B9A7809C}.Release|Any CPU.ActiveCfg = Release|Any CPU
		{ED829BBB-52AC-4AF8-A3C9-C289B9A7809C}.Release|Any CPU.Build.0 = Release|Any CPU
		{68F04A5E-E8B7-46AB-8C55-9B1F746CF831}.Debug|Any CPU.ActiveCfg = Debug|Any CPU
		{68F04A5E-E8B7-46AB-8C55-9B1F746CF831}.Debug|Any CPU.Build.0 = Debug|Any CPU
		{68F04A5E-E8B7-46AB-8C55-9B1F746CF831}.Release|Any CPU.ActiveCfg = Release|Any CPU
		{68F04A5E-E8B7-46AB-8C55-9B1F746CF831}.Release|Any CPU.Build.0 = Release|Any CPU
		{ED4630A8-0667-4D73-9A02-E4AD2A261A58}.Debug|Any CPU.ActiveCfg = Debug|Any CPU
		{ED4630A8-0667-4D73-9A02-E4AD2A261A58}.Debug|Any CPU.Build.0 = Debug|Any CPU
		{ED4630A8-0667-4D73-9A02-E4AD2A261A58}.Release|Any CPU.ActiveCfg = Release|Any CPU
		{ED4630A8-0667-4D73-9A02-E4AD2A261A58}.Release|Any CPU.Build.0 = Release|Any CPU
		{ABDA0AB2-A745-46D1-9F41-55983777904B}.Debug|Any CPU.ActiveCfg = Debug|Any CPU
		{ABDA0AB2-A745-46D1-9F41-55983777904B}.Debug|Any CPU.Build.0 = Debug|Any CPU
		{ABDA0AB2-A745-46D1-9F41-55983777904B}.Release|Any CPU.ActiveCfg = Release|Any CPU
		{ABDA0AB2-A745-46D1-9F41-55983777904B}.Release|Any CPU.Build.0 = Release|Any CPU
		{AF454B07-CE69-4FED-A9B0-73F202E06DCD}.Debug|Any CPU.ActiveCfg = Debug|Any CPU
		{AF454B07-CE69-4FED-A9B0-73F202E06DCD}.Debug|Any CPU.Build.0 = Debug|Any CPU
		{AF454B07-CE69-4FED-A9B0-73F202E06DCD}.Release|Any CPU.ActiveCfg = Release|Any CPU
		{AF454B07-CE69-4FED-A9B0-73F202E06DCD}.Release|Any CPU.Build.0 = Release|Any CPU
		{DD19E346-E81A-4742-9B68-0807C8CFCC2A}.Debug|Any CPU.ActiveCfg = Debug|Any CPU
		{DD19E346-E81A-4742-9B68-0807C8CFCC2A}.Debug|Any CPU.Build.0 = Debug|Any CPU
		{DD19E346-E81A-4742-9B68-0807C8CFCC2A}.Release|Any CPU.ActiveCfg = Release|Any CPU
		{DD19E346-E81A-4742-9B68-0807C8CFCC2A}.Release|Any CPU.Build.0 = Release|Any CPU
		{89534971-649B-49D2-B8DE-CADBD26AE290}.Debug|Any CPU.ActiveCfg = Debug|Any CPU
		{89534971-649B-49D2-B8DE-CADBD26AE290}.Debug|Any CPU.Build.0 = Debug|Any CPU
		{89534971-649B-49D2-B8DE-CADBD26AE290}.Release|Any CPU.ActiveCfg = Release|Any CPU
		{89534971-649B-49D2-B8DE-CADBD26AE290}.Release|Any CPU.Build.0 = Release|Any CPU
	EndGlobalSection
	GlobalSection(SolutionProperties) = preSolution
		HideSolutionNode = FALSE
	EndGlobalSection
	GlobalSection(NestedProjects) = preSolution
		{EA1E56DF-6EFF-45DB-9953-95EC39EB67D0} = {A362B400-5368-4008-8649-901B2FE5D48E}
		{4195E3FB-2FD8-476F-B733-2FDCCE2BCAD6} = {BBC3E5C5-6E08-4E0C-9182-4C719212B8B5}
		{2A91529D-BCA2-4ADA-B394-4F01F2496422} = {BBC3E5C5-6E08-4E0C-9182-4C719212B8B5}
		{A6ABB6C4-CCAA-4ED6-ACBA-BE3DD94683E7} = {4159BBD1-F20C-40A4-8C95-18E20B9CA7D9}
		{B21E28FD-CB9C-4213-A962-ACE68FE80F1E} = {BBC3E5C5-6E08-4E0C-9182-4C719212B8B5}
		{ED829BBB-52AC-4AF8-A3C9-C289B9A7809C} = {0A849647-A003-4963-AFBC-FF3C2D3DB0A7}
		{68F04A5E-E8B7-46AB-8C55-9B1F746CF831} = {BBC3E5C5-6E08-4E0C-9182-4C719212B8B5}
		{ED4630A8-0667-4D73-9A02-E4AD2A261A58} = {0A849647-A003-4963-AFBC-FF3C2D3DB0A7}
		{ABDA0AB2-A745-46D1-9F41-55983777904B} = {0A849647-A003-4963-AFBC-FF3C2D3DB0A7}
		{AF454B07-CE69-4FED-A9B0-73F202E06DCD} = {BBC3E5C5-6E08-4E0C-9182-4C719212B8B5}
		{DD19E346-E81A-4742-9B68-0807C8CFCC2A} = {4159BBD1-F20C-40A4-8C95-18E20B9CA7D9}
		{89534971-649B-49D2-B8DE-CADBD26AE290} = {4159BBD1-F20C-40A4-8C95-18E20B9CA7D9}
	EndGlobalSection
	GlobalSection(ExtensibilityGlobals) = postSolution
		SolutionGuid = {E3D953AB-5CF5-4FC9-A53F-2F2FBB79547C}
	EndGlobalSection
EndGlobal
